
Microsoft Visual Studio Solution File, Format Version 12.00
# Visual Studio 15
VisualStudioVersion = 15.0.27130.2036
MinimumVisualStudioVersion = 10.0.40219.1
Project("{FAE04EC0-301F-11D3-BF4B-00C04F79EFBC}") = "WebApplication_Repositorio_VSNet", "WebApplication_Repositorio_VSNet\WebApplication_Repositorio_VSNet.csproj", "{7A043925-AC11-420D-942D-157AC941E696}"
EndProject
Global
	GlobalSection(SolutionConfigurationPlatforms) = preSolution
		Debug|Any CPU = Debug|Any CPU
		Release|Any CPU = Release|Any CPU
	EndGlobalSection
	GlobalSection(ProjectConfigurationPlatforms) = postSolution
		{7A043925-AC11-420D-942D-157AC941E696}.Debug|Any CPU.ActiveCfg = Debug|Any CPU
		{7A043925-AC11-420D-942D-157AC941E696}.Debug|Any CPU.Build.0 = Debug|Any CPU
		{7A043925-AC11-420D-942D-157AC941E696}.Release|Any CPU.ActiveCfg = Release|Any CPU
		{7A043925-AC11-420D-942D-157AC941E696}.Release|Any CPU.Build.0 = Release|Any CPU
	EndGlobalSection
	GlobalSection(SolutionProperties) = preSolution
		HideSolutionNode = FALSE
	EndGlobalSection
	GlobalSection(ExtensibilityGlobals) = postSolution
		SolutionGuid = {332F1E37-8E17-4D57-8DD9-C55A2F20A739}
	EndGlobalSection
EndGlobal
